
Microsoft Visual Studio Solution File, Format Version 12.00
# Visual Studio Version 16
VisualStudioVersion = 16.0.30406.217
MinimumVisualStudioVersion = 10.0.40219.1
Project("{FAE04EC0-301F-11D3-BF4B-00C04F79EFBC}") = "DuDoanKetQuaHocTap", "DuDoanKetQuaHocTap\DuDoanKetQuaHocTap.csproj", "{0E2E7AF0-20F6-435D-A7DA-2B3940F21307}"
EndProject
Global
	GlobalSection(SolutionConfigurationPlatforms) = preSolution
		Debug|Any CPU = Debug|Any CPU
		Release|Any CPU = Release|Any CPU
	EndGlobalSection
	GlobalSection(ProjectConfigurationPlatforms) = postSolution
		{0E2E7AF0-20F6-435D-A7DA-2B3940F21307}.Debug|Any CPU.ActiveCfg = Debug|Any CPU
		{0E2E7AF0-20F6-435D-A7DA-2B3940F21307}.Debug|Any CPU.Build.0 = Debug|Any CPU
		{0E2E7AF0-20F6-435D-A7DA-2B3940F21307}.Release|Any CPU.ActiveCfg = Release|Any CPU
		{0E2E7AF0-20F6-435D-A7DA-2B3940F21307}.Release|Any CPU.Build.0 = Release|Any CPU
	EndGlobalSection
	GlobalSection(SolutionProperties) = preSolution
		HideSolutionNode = FALSE
	EndGlobalSection
	GlobalSection(ExtensibilityGlobals) = postSolution
		SolutionGuid = {5F88223E-7B1A-4474-904E-5864AD389B63}
	EndGlobalSection
EndGlobal
